
Microsoft Visual Studio Solution File, Format Version 12.00
# Visual Studio 15
VisualStudioVersion = 15.0.28307.136
MinimumVisualStudioVersion = 10.0.40219.1
Project("{FAE04EC0-301F-11D3-BF4B-00C04F79EFBC}") = "YrNoXmlWeather", "YrNoXmlWeather\YrNoXmlWeather.csproj", "{CA5D9C4B-4FAE-4AA1-BE48-34B69D432A33}"
EndProject
Global
	GlobalSection(SolutionConfigurationPlatforms) = preSolution
		Debug|Any CPU = Debug|Any CPU
		Release|Any CPU = Release|Any CPU
	EndGlobalSection
	GlobalSection(ProjectConfigurationPlatforms) = postSolution
		{CA5D9C4B-4FAE-4AA1-BE48-34B69D432A33}.Debug|Any CPU.ActiveCfg = Debug|Any CPU
		{CA5D9C4B-4FAE-4AA1-BE48-34B69D432A33}.Debug|Any CPU.Build.0 = Debug|Any CPU
		{CA5D9C4B-4FAE-4AA1-BE48-34B69D432A33}.Release|Any CPU.ActiveCfg = Release|Any CPU
		{CA5D9C4B-4FAE-4AA1-BE48-34B69D432A33}.Release|Any CPU.Build.0 = Release|Any CPU
	EndGlobalSection
	GlobalSection(SolutionProperties) = preSolution
		HideSolutionNode = FALSE
	EndGlobalSection
	GlobalSection(ExtensibilityGlobals) = postSolution
		SolutionGuid = {A900D8A5-8FCC-4671-9B5A-FB5F0CD6558D}
	EndGlobalSection
EndGlobal
